
Microsoft Visual Studio Solution File, Format Version 12.00
# Visual Studio 2013
VisualStudioVersion = 12.0.21005.1
MinimumVisualStudioVersion = 10.0.40219.1
Project("{FAE04EC0-301F-11D3-BF4B-00C04F79EFBC}") = "BasicRESTAPIClientConsole", "BasicRESTAPIClientConsole\BasicRESTAPIClientConsole.csproj", "{B4C86034-BA5E-46DD-81AA-6C3BC808CC7D}"
EndProject
Global
	GlobalSection(SolutionConfigurationPlatforms) = preSolution
		Debug|Any CPU = Debug|Any CPU
		Release|Any CPU = Release|Any CPU
	EndGlobalSection
	GlobalSection(ProjectConfigurationPlatforms) = postSolution
		{B4C86034-BA5E-46DD-81AA-6C3BC808CC7D}.Debug|Any CPU.ActiveCfg = Debug|Any CPU
		{B4C86034-BA5E-46DD-81AA-6C3BC808CC7D}.Debug|Any CPU.Build.0 = Debug|Any CPU
		{B4C86034-BA5E-46DD-81AA-6C3BC808CC7D}.Release|Any CPU.ActiveCfg = Release|Any CPU
		{B4C86034-BA5E-46DD-81AA-6C3BC808CC7D}.Release|Any CPU.Build.0 = Release|Any CPU
	EndGlobalSection
	GlobalSection(SolutionProperties) = preSolution
		HideSolutionNode = FALSE
	EndGlobalSection
EndGlobal
