
Microsoft Visual Studio Solution File, Format Version 12.00
# Visual Studio 2013
VisualStudioVersion = 12.0.21005.1
MinimumVisualStudioVersion = 10.0.40219.1
Project("{FAE04EC0-301F-11D3-BF4B-00C04F79EFBC}") = "MessageLogViewer", "MessageLogViewer\MessageLogViewer.csproj", "{485883A3-F80E-4A6F-AD54-91A1115968C3}"
EndProject
Project("{FAE04EC0-301F-11D3-BF4B-00C04F79EFBC}") = "MessageLog.Data", "MessageLog.Data\MessageLog.Data.csproj", "{DC158A8F-7BE5-42D3-A2B6-5969E2373814}"
EndProject
Project("{FAE04EC0-301F-11D3-BF4B-00C04F79EFBC}") = "MessageLog.Business", "MessageLog.Business\MessageLog.Business.csproj", "{1AF3FFFF-2074-4689-B999-F9E4E54F8EC4}"
EndProject
Global
	GlobalSection(SolutionConfigurationPlatforms) = preSolution
		Debug|Any CPU = Debug|Any CPU
		Release|Any CPU = Release|Any CPU
	EndGlobalSection
	GlobalSection(ProjectConfigurationPlatforms) = postSolution
		{485883A3-F80E-4A6F-AD54-91A1115968C3}.Debug|Any CPU.ActiveCfg = Debug|Any CPU
		{485883A3-F80E-4A6F-AD54-91A1115968C3}.Debug|Any CPU.Build.0 = Debug|Any CPU
		{485883A3-F80E-4A6F-AD54-91A1115968C3}.Release|Any CPU.ActiveCfg = Release|Any CPU
		{485883A3-F80E-4A6F-AD54-91A1115968C3}.Release|Any CPU.Build.0 = Release|Any CPU
		{DC158A8F-7BE5-42D3-A2B6-5969E2373814}.Debug|Any CPU.ActiveCfg = Debug|Any CPU
		{DC158A8F-7BE5-42D3-A2B6-5969E2373814}.Debug|Any CPU.Build.0 = Debug|Any CPU
		{DC158A8F-7BE5-42D3-A2B6-5969E2373814}.Release|Any CPU.ActiveCfg = Release|Any CPU
		{DC158A8F-7BE5-42D3-A2B6-5969E2373814}.Release|Any CPU.Build.0 = Release|Any CPU
		{1AF3FFFF-2074-4689-B999-F9E4E54F8EC4}.Debug|Any CPU.ActiveCfg = Debug|Any CPU
		{1AF3FFFF-2074-4689-B999-F9E4E54F8EC4}.Debug|Any CPU.Build.0 = Debug|Any CPU
		{1AF3FFFF-2074-4689-B999-F9E4E54F8EC4}.Release|Any CPU.ActiveCfg = Release|Any CPU
		{1AF3FFFF-2074-4689-B999-F9E4E54F8EC4}.Release|Any CPU.Build.0 = Release|Any CPU
	EndGlobalSection
	GlobalSection(SolutionProperties) = preSolution
		HideSolutionNode = FALSE
	EndGlobalSection
EndGlobal
